
Microsoft Visual Studio Solution File, Format Version 12.00
# Visual Studio 2012
Project("{8BC9CEB8-8B4A-11D0-8D11-00A0C91BC942}") = "Idontknow", "Idontknow\Idontknow.vcxproj", "{04347B79-E5CC-48B0-B732-33588FE593BD}"
EndProject
Global
	GlobalSection(SolutionConfigurationPlatforms) = preSolution
		Debug|Win32 = Debug|Win32
		Release|Win32 = Release|Win32
	EndGlobalSection
	GlobalSection(ProjectConfigurationPlatforms) = postSolution
		{04347B79-E5CC-48B0-B732-33588FE593BD}.Debug|Win32.ActiveCfg = Debug|Win32
		{04347B79-E5CC-48B0-B732-33588FE593BD}.Debug|Win32.Build.0 = Debug|Win32
		{04347B79-E5CC-48B0-B732-33588FE593BD}.Release|Win32.ActiveCfg = Release|Win32
		{04347B79-E5CC-48B0-B732-33588FE593BD}.Release|Win32.Build.0 = Release|Win32
	EndGlobalSection
	GlobalSection(SolutionProperties) = preSolution
		HideSolutionNode = FALSE
	EndGlobalSection
EndGlobal
